
Microsoft Visual Studio Solution File, Format Version 12.00
# Visual Studio 15
VisualStudioVersion = 15.0.26430.16
MinimumVisualStudioVersion = 10.0.40219.1
Project("{FAE04EC0-301F-11D3-BF4B-00C04F79EFBC}") = "CSharpCommonDll", "CSharpCommonDll\CSharpCommonDll.csproj", "{224B8CB7-7980-4908-9624-1F7B4DB44E6A}"
EndProject
Project("{FAE04EC0-301F-11D3-BF4B-00C04F79EFBC}") = "UnitTestProject", "UnitTestProject\UnitTestProject.csproj", "{0BE52356-4815-4CF9-A203-9A251F780FB6}"
EndProject
Global
	GlobalSection(SolutionConfigurationPlatforms) = preSolution
		Debug|Any CPU = Debug|Any CPU
		Release|Any CPU = Release|Any CPU
	EndGlobalSection
	GlobalSection(ProjectConfigurationPlatforms) = postSolution
		{224B8CB7-7980-4908-9624-1F7B4DB44E6A}.Debug|Any CPU.ActiveCfg = Debug|Any CPU
		{224B8CB7-7980-4908-9624-1F7B4DB44E6A}.Debug|Any CPU.Build.0 = Debug|Any CPU
		{224B8CB7-7980-4908-9624-1F7B4DB44E6A}.Release|Any CPU.ActiveCfg = Release|Any CPU
		{224B8CB7-7980-4908-9624-1F7B4DB44E6A}.Release|Any CPU.Build.0 = Release|Any CPU
		{0BE52356-4815-4CF9-A203-9A251F780FB6}.Debug|Any CPU.ActiveCfg = Debug|Any CPU
		{0BE52356-4815-4CF9-A203-9A251F780FB6}.Debug|Any CPU.Build.0 = Debug|Any CPU
		{0BE52356-4815-4CF9-A203-9A251F780FB6}.Release|Any CPU.ActiveCfg = Release|Any CPU
		{0BE52356-4815-4CF9-A203-9A251F780FB6}.Release|Any CPU.Build.0 = Release|Any CPU
	EndGlobalSection
	GlobalSection(SolutionProperties) = preSolution
		HideSolutionNode = FALSE
	EndGlobalSection
EndGlobal
